
Microsoft Visual Studio Solution File, Format Version 12.00
# Visual Studio Version 16
VisualStudioVersion = 16.0.29911.84
MinimumVisualStudioVersion = 10.0.40219.1
Project("{FAE04EC0-301F-11D3-BF4B-00C04F79EFBC}") = "BulkEmail_Spammer", "BulkEmail_Spammer\BulkEmail_Spammer.csproj", "{D2E0F061-47FE-4605-A8C3-75C9DE72842E}"
EndProject
Global
	GlobalSection(SolutionConfigurationPlatforms) = preSolution
		Debug|Any CPU = Debug|Any CPU
		Release|Any CPU = Release|Any CPU
	EndGlobalSection
	GlobalSection(ProjectConfigurationPlatforms) = postSolution
		{D2E0F061-47FE-4605-A8C3-75C9DE72842E}.Debug|Any CPU.ActiveCfg = Debug|Any CPU
		{D2E0F061-47FE-4605-A8C3-75C9DE72842E}.Debug|Any CPU.Build.0 = Debug|Any CPU
		{D2E0F061-47FE-4605-A8C3-75C9DE72842E}.Release|Any CPU.ActiveCfg = Release|Any CPU
		{D2E0F061-47FE-4605-A8C3-75C9DE72842E}.Release|Any CPU.Build.0 = Release|Any CPU
	EndGlobalSection
	GlobalSection(SolutionProperties) = preSolution
		HideSolutionNode = FALSE
	EndGlobalSection
	GlobalSection(ExtensibilityGlobals) = postSolution
		SolutionGuid = {69A7901A-3E1D-4CF6-80E3-A75D42A19B5E}
	EndGlobalSection
EndGlobal
